github.com/galihrivanto/runner v0.0.0-20190906162335-2b10a583c59e h1:fs9n4f2g6wte/QM2FxmN1ucLx+8jIOZslMOMUA+U/yk=
github.com/galihrivanto/runner v0.0.0-20190906162335-2b10a583c59e/go.mod h1:w4LT8uzPbepnSAuwVq6/7dVMz1hcW40FNWIgg8IHBaI=
github.com/gorilla/mux v1.7.3 h1:gnP5JzjVOuiZD07fKKToCAOjS0yOpj/qPETTXCCS6hw=
github.com/gorilla/mux v1.7.3/go.mod h1:1lud6UwP+6orDFRuTfBEV8e9/aOM/c4fVVCaMa2zaAs=
